
Microsoft Visual Studio Solution File, Format Version 12.00
# Visual Studio Version 17
VisualStudioVersion = 17.6.35326.246
MinimumVisualStudioVersion = 10.0.40219.1
Project("{FAE04EC0-301F-11D3-BF4B-00C04F79EFBC}") = "szymczycha", "szymczycha\szymczycha.csproj", "{813662F8-5C23-446D-A096-FE2B2FE66911}"
EndProject
Global
	GlobalSection(SolutionConfigurationPlatforms) = preSolution
		Debug|Any CPU = Debug|Any CPU
		Release|Any CPU = Release|Any CPU
	EndGlobalSection
	GlobalSection(ProjectConfigurationPlatforms) = postSolution
		{813662F8-5C23-446D-A096-FE2B2FE66911}.Debug|Any CPU.ActiveCfg = Debug|Any CPU
		{813662F8-5C23-446D-A096-FE2B2FE66911}.Debug|Any CPU.Build.0 = Debug|Any CPU
		{813662F8-5C23-446D-A096-FE2B2FE66911}.Release|Any CPU.ActiveCfg = Release|Any CPU
		{813662F8-5C23-446D-A096-FE2B2FE66911}.Release|Any CPU.Build.0 = Release|Any CPU
	EndGlobalSection
	GlobalSection(SolutionProperties) = preSolution
		HideSolutionNode = FALSE
	EndGlobalSection
	GlobalSection(ExtensibilityGlobals) = postSolution
		SolutionGuid = {B8259747-38F8-4BCC-A616-B1CA96FB83EA}
	EndGlobalSection
EndGlobal
